
Microsoft Visual Studio Solution File, Format Version 12.00
# Visual Studio 2012
Project("{FAE04EC0-301F-11D3-BF4B-00C04F79EFBC}") = "TestHackathon", "TestHackathon\TestHackathon.csproj", "{7293B65F-A05E-4222-ADFB-AF29E2C23DF8}"
EndProject
Global
	GlobalSection(SolutionConfigurationPlatforms) = preSolution
		Debug|iPhoneSimulator = Debug|iPhoneSimulator
		Release|iPhone = Release|iPhone
		Release|iPhoneSimulator = Release|iPhoneSimulator
		Debug|iPhone = Debug|iPhone
	EndGlobalSection
	GlobalSection(ProjectConfigurationPlatforms) = postSolution
		{7293B65F-A05E-4222-ADFB-AF29E2C23DF8}.Debug|iPhoneSimulator.ActiveCfg = Debug|iPhoneSimulator
		{7293B65F-A05E-4222-ADFB-AF29E2C23DF8}.Debug|iPhoneSimulator.Build.0 = Debug|iPhoneSimulator
		{7293B65F-A05E-4222-ADFB-AF29E2C23DF8}.Release|iPhone.ActiveCfg = Release|iPhone
		{7293B65F-A05E-4222-ADFB-AF29E2C23DF8}.Release|iPhone.Build.0 = Release|iPhone
		{7293B65F-A05E-4222-ADFB-AF29E2C23DF8}.Release|iPhoneSimulator.ActiveCfg = Release|iPhoneSimulator
		{7293B65F-A05E-4222-ADFB-AF29E2C23DF8}.Release|iPhoneSimulator.Build.0 = Release|iPhoneSimulator
		{7293B65F-A05E-4222-ADFB-AF29E2C23DF8}.Debug|iPhone.ActiveCfg = Debug|iPhone
		{7293B65F-A05E-4222-ADFB-AF29E2C23DF8}.Debug|iPhone.Build.0 = Debug|iPhone
	EndGlobalSection
EndGlobal
